// !$*UTF8*$!
{
	archiveVersion = 1;
	classes = {
	};
	objectVersion = 50;
	objects = {

/* Begin PBXBuildFile section */
		141F87982355C2EA00F79255 /* main.swift in Sources */ = {isa = PBXBuildFile; fileRef = 141F87972355C2EA00F79255 /* main.swift */; };
		141F879F2355E2FF00F79255 /* Tokenizer.swift in Sources */ = {isa = PBXBuildFile; fileRef = 141F879E2355E2FF00F79255 /* Tokenizer.swift */; };
		141F87A12355E34200F79255 /* Token.swift in Sources */ = {isa = PBXBuildFile; fileRef = 141F87A02355E34200F79255 /* Token.swift */; };
		141F87A32359959F00F79255 /* DictionaryExtension.swift in Sources */ = {isa = PBXBuildFile; fileRef = 141F87A22359959F00F79255 /* DictionaryExtension.swift */; };
		14B7309E235D8E830000BEC1 /* CCompillerTests.swift in Sources */ = {isa = PBXBuildFile; fileRef = 14B73096235D89120000BEC1 /* CCompillerTests.swift */; };
		14B730A0235D8F130000BEC1 /* Tokenizer.swift in Sources */ = {isa = PBXBuildFile; fileRef = 141F879E2355E2FF00F79255 /* Tokenizer.swift */; };
		14B730A1235D8F3A0000BEC1 /* Token.swift in Sources */ = {isa = PBXBuildFile; fileRef = 141F87A02355E34200F79255 /* Token.swift */; };
		14B730A2235D8F3F0000BEC1 /* DictionaryExtension.swift in Sources */ = {isa = PBXBuildFile; fileRef = 141F87A22359959F00F79255 /* DictionaryExtension.swift */; };
/* End PBXBuildFile section */

/* Begin PBXCopyFilesBuildPhase section */
		141F87922355C2EA00F79255 /* CopyFiles */ = {
			isa = PBXCopyFilesBuildPhase;
			buildActionMask = 2147483647;
			dstPath = /usr/share/man/man1/;
			dstSubfolderSpec = 0;
			files = (
			);
			runOnlyForDeploymentPostprocessing = 1;
		};
/* End PBXCopyFilesBuildPhase section */

/* Begin PBXFileReference section */
		141F87942355C2EA00F79255 /* CCompiller */ = {isa = PBXFileReference; explicitFileType = "compiled.mach-o.executable"; includeInIndex = 0; path = CCompiller; sourceTree = BUILT_PRODUCTS_DIR; };
		141F87972355C2EA00F79255 /* main.swift */ = {isa = PBXFileReference; lastKnownFileType = sourcecode.swift; path = main.swift; sourceTree = "<group>"; };
		141F879E2355E2FF00F79255 /* Tokenizer.swift */ = {isa = PBXFileReference; lastKnownFileType = sourcecode.swift; path = Tokenizer.swift; sourceTree = "<group>"; };
		141F87A02355E34200F79255 /* Token.swift */ = {isa = PBXFileReference; lastKnownFileType = sourcecode.swift; path = Token.swift; sourceTree = "<group>"; };
		141F87A22359959F00F79255 /* DictionaryExtension.swift */ = {isa = PBXFileReference; lastKnownFileType = sourcecode.swift; path = DictionaryExtension.swift; sourceTree = "<group>"; };
		14B73094235D89120000BEC1 /* CCompillerTests.xctest */ = {isa = PBXFileReference; explicitFileType = wrapper.cfbundle; includeInIndex = 0; path = CCompillerTests.xctest; sourceTree = BUILT_PRODUCTS_DIR; };
		14B73096235D89120000BEC1 /* CCompillerTests.swift */ = {isa = PBXFileReference; lastKnownFileType = sourcecode.swift; path = CCompillerTests.swift; sourceTree = "<group>"; };
		14B73098235D89120000BEC1 /* Info.plist */ = {isa = PBXFileReference; lastKnownFileType = text.plist.xml; path = Info.plist; sourceTree = "<group>"; };
/* End PBXFileReference section */

/* Begin PBXFrameworksBuildPhase section */
		141F87912355C2EA00F79255 /* Frameworks */ = {
			isa = PBXFrameworksBuildPhase;
			buildActionMask = 2147483647;
			files = (
			);
			runOnlyForDeploymentPostprocessing = 0;
		};
		14B73091235D89120000BEC1 /* Frameworks */ = {
			isa = PBXFrameworksBuildPhase;
			buildActionMask = 2147483647;
			files = (
			);
			runOnlyForDeploymentPostprocessing = 0;
		};
/* End PBXFrameworksBuildPhase section */

/* Begin PBXGroup section */
		141F878B2355C2EA00F79255 = {
			isa = PBXGroup;
			children = (
				141F87962355C2EA00F79255 /* CCompiller */,
				14B73095235D89120000BEC1 /* CCompillerTests */,
				141F87952355C2EA00F79255 /* Products */,
			);
			sourceTree = "<group>";
		};
		141F87952355C2EA00F79255 /* Products */ = {
			isa = PBXGroup;
			children = (
				141F87942355C2EA00F79255 /* CCompiller */,
				14B73094235D89120000BEC1 /* CCompillerTests.xctest */,
			);
			name = Products;
			sourceTree = "<group>";
		};
		141F87962355C2EA00F79255 /* CCompiller */ = {
			isa = PBXGroup;
			children = (
				141F87972355C2EA00F79255 /* main.swift */,
				141F879E2355E2FF00F79255 /* Tokenizer.swift */,
				141F87A02355E34200F79255 /* Token.swift */,
				141F87A22359959F00F79255 /* DictionaryExtension.swift */,
			);
			path = CCompiller;
			sourceTree = "<group>";
		};
		14B73095235D89120000BEC1 /* CCompillerTests */ = {
			isa = PBXGroup;
			children = (
				14B73096235D89120000BEC1 /* CCompillerTests.swift */,
				14B73098235D89120000BEC1 /* Info.plist */,
			);
			path = CCompillerTests;
			sourceTree = "<group>";
		};
/* End PBXGroup section */

/* Begin PBXNativeTarget section */
		141F87932355C2EA00F79255 /* CCompiller */ = {
			isa = PBXNativeTarget;
			buildConfigurationList = 141F879B2355C2EA00F79255 /* Build configuration list for PBXNativeTarget "CCompiller" */;
			buildPhases = (
				141F87902355C2EA00F79255 /* Sources */,
				141F87912355C2EA00F79255 /* Frameworks */,
				141F87922355C2EA00F79255 /* CopyFiles */,
			);
			buildRules = (
			);
			dependencies = (
			);
			name = CCompiller;
			productName = CCompiller;
			productReference = 141F87942355C2EA00F79255 /* CCompiller */;
			productType = "com.apple.product-type.tool";
		};
		14B73093235D89120000BEC1 /* CCompillerTests */ = {
			isa = PBXNativeTarget;
			buildConfigurationList = 14B7309B235D89120000BEC1 /* Build configuration list for PBXNativeTarget "CCompillerTests" */;
			buildPhases = (
				14B73090235D89120000BEC1 /* Sources */,
				14B73091235D89120000BEC1 /* Frameworks */,
				14B73092235D89120000BEC1 /* Resources */,
			);
			buildRules = (
			);
			dependencies = (
			);
			name = CCompillerTests;
			productName = CCompillerTests;
			productReference = 14B73094235D89120000BEC1 /* CCompillerTests.xctest */;
			productType = "com.apple.product-type.bundle.unit-test";
		};
/* End PBXNativeTarget section */

/* Begin PBXProject section */
		141F878C2355C2EA00F79255 /* Project object */ = {
			isa = PBXProject;
			attributes = {
				LastSwiftUpdateCheck = 1100;
				LastUpgradeCheck = 1100;
				ORGANIZATIONNAME = "Kirill Varlamov";
				TargetAttributes = {
					141F87932355C2EA00F79255 = {
						CreatedOnToolsVersion = 11.0;
					};
					14B73093235D89120000BEC1 = {
						CreatedOnToolsVersion = 11.0;
					};
				};
			};
			buildConfigurationList = 141F878F2355C2EA00F79255 /* Build configuration list for PBXProject "CCompiller" */;
			compatibilityVersion = "Xcode 9.3";
			developmentRegion = en;
			hasScannedForEncodings = 0;
			knownRegions = (
				en,
				Base,
			);
			mainGroup = 141F878B2355C2EA00F79255;
			productRefGroup = 141F87952355C2EA00F79255 /* Products */;
			projectDirPath = "";
			projectRoot = "";
			targets = (
				141F87932355C2EA00F79255 /* CCompiller */,
				14B73093235D89120000BEC1 /* CCompillerTests */,
			);
		};
/* End PBXProject section */

/* Begin PBXResourcesBuildPhase section */
		14B73092235D89120000BEC1 /* Resources */ = {
			isa = PBXResourcesBuildPhase;
			buildActionMask = 2147483647;
			files = (
			);
			runOnlyForDeploymentPostprocessing = 0;
		};
/* End PBXResourcesBuildPhase section */

/* Begin PBXSourcesBuildPhase section */
		141F87902355C2EA00F79255 /* Sources */ = {
			isa = PBXSourcesBuildPhase;
			buildActionMask = 2147483647;
			files = (
				141F87A12355E34200F79255 /* Token.swift in Sources */,
				141F87982355C2EA00F79255 /* main.swift in Sources */,
				141F879F2355E2FF00F79255 /* Tokenizer.swift in Sources */,
				141F87A32359959F00F79255 /* DictionaryExtension.swift in Sources */,
			);
			runOnlyForDeploymentPostprocessing = 0;
		};
		14B73090235D89120000BEC1 /* Sources */ = {
			isa = PBXSourcesBuildPhase;
			buildActionMask = 2147483647;
			files = (
				14B730A1235D8F3A0000BEC1 /* Token.swift in Sources */,
				14B7309E235D8E830000BEC1 /* CCompillerTests.swift in Sources */,
				14B730A0235D8F130000BEC1 /* Tokenizer.swift in Sources */,
				14B730A2235D8F3F0000BEC1 /* DictionaryExtension.swift in Sources */,
			);
			runOnlyForDeploymentPostprocessing = 0;
		};
/* End PBXSourcesBuildPhase section */

/* Begin XCBuildConfiguration section */
		141F87992355C2EA00F79255 /* Debug */ = {
			isa = XCBuildConfiguration;
			buildSettings = {
				ALWAYS_SEARCH_USER_PATHS = NO;
				CLANG_ANALYZER_NONNULL = YES;
				CLANG_ANALYZER_NUMBER_OBJECT_CONVERSION = YES_AGGRESSIVE;
				CLANG_CXX_LANGUAGE_STANDARD = "gnu++14";
				CLANG_CXX_LIBRARY = "libc++";
				CLANG_ENABLE_MODULES = YES;
				CLANG_ENABLE_OBJC_ARC = YES;
				CLANG_ENABLE_OBJC_WEAK = YES;
				CLANG_WARN_BLOCK_CAPTURE_AUTORELEASING = YES;
				CLANG_WARN_BOOL_CONVERSION = YES;
				CLANG_WARN_COMMA = YES;
				CLANG_WARN_CONSTANT_CONVERSION = YES;
				CLANG_WARN_DEPRECATED_OBJC_IMPLEMENTATIONS = YES;
				CLANG_WARN_DIRECT_OBJC_ISA_USAGE = YES_ERROR;
				CLANG_WARN_DOCUMENTATION_COMMENTS = YES;
				CLANG_WARN_EMPTY_BODY = YES;
				CLANG_WARN_ENUM_CONVERSION = YES;
				CLANG_WARN_INFINITE_RECURSION = YES;
				CLANG_WARN_INT_CONVERSION = YES;
				CLANG_WARN_NON_LITERAL_NULL_CONVERSION = YES;
				CLANG_WARN_OBJC_IMPLICIT_RETAIN_SELF = YES;
				CLANG_WARN_OBJC_LITERAL_CONVERSION = YES;
				CLANG_WARN_OBJC_ROOT_CLASS = YES_ERROR;
				CLANG_WARN_RANGE_LOOP_ANALYSIS = YES;
				CLANG_WARN_STRICT_PROTOTYPES = YES;
				CLANG_WARN_SUSPICIOUS_MOVE = YES;
				CLANG_WARN_UNGUARDED_AVAILABILITY = YES_AGGRESSIVE;
				CLANG_WARN_UNREACHABLE_CODE = YES;
				CLANG_WARN__DUPLICATE_METHOD_MATCH = YES;
				COPY_PHASE_STRIP = NO;
				DEBUG_INFORMATION_FORMAT = dwarf;
				ENABLE_STRICT_OBJC_MSGSEND = YES;
				ENABLE_TESTABILITY = YES;
				GCC_C_LANGUAGE_STANDARD = gnu11;
				GCC_DYNAMIC_NO_PIC = NO;
				GCC_NO_COMMON_BLOCKS = YES;
				GCC_OPTIMIZATION_LEVEL = 0;
				GCC_PREPROCESSOR_DEFINITIONS = (
					"DEBUG=1",
					"$(inherited)",
				);
				GCC_WARN_64_TO_32_BIT_CONVERSION = YES;
				GCC_WARN_ABOUT_RETURN_TYPE = YES_ERROR;
				GCC_WARN_UNDECLARED_SELECTOR = YES;
				GCC_WARN_UNINITIALIZED_AUTOS = YES_AGGRESSIVE;
				GCC_WARN_UNUSED_FUNCTION = YES;
				GCC_WARN_UNUSED_VARIABLE = YES;
				MACOSX_DEPLOYMENT_TARGET = 10.14;
				MTL_ENABLE_DEBUG_INFO = INCLUDE_SOURCE;
				MTL_FAST_MATH = YES;
				ONLY_ACTIVE_ARCH = YES;
				SDKROOT = macosx;
				SWIFT_ACTIVE_COMPILATION_CONDITIONS = DEBUG;
				SWIFT_OPTIMIZATION_LEVEL = "-Onone";
			};
			name = Debug;
		};
		141F879A2355C2EA00F79255 /* Release */ = {
			isa = XCBuildConfiguration;
			buildSettings = {
				ALWAYS_SEARCH_USER_PATHS = NO;
				CLANG_ANALYZER_NONNULL = YES;
				CLANG_ANALYZER_NUMBER_OBJECT_CONVERSION = YES_AGGRESSIVE;
				CLANG_CXX_LANGUAGE_STANDARD = "gnu++14";
				CLANG_CXX_LIBRARY = "libc++";
				CLANG_ENABLE_MODULES = YES;
				CLANG_ENABLE_OBJC_ARC = YES;
				CLANG_ENABLE_OBJC_WEAK = YES;
				CLANG_WARN_BLOCK_CAPTURE_AUTORELEASING = YES;
				CLANG_WARN_BOOL_CONVERSION = YES;
				CLANG_WARN_COMMA = YES;
				CLANG_WARN_CONSTANT_CONVERSION = YES;
				CLANG_WARN_DEPRECATED_OBJC_IMPLEMENTATIONS = YES;
				CLANG_WARN_DIRECT_OBJC_ISA_USAGE = YES_ERROR;
				CLANG_WARN_DOCUMENTATION_COMMENTS = YES;
				CLANG_WARN_EMPTY_BODY = YES;
				CLANG_WARN_ENUM_CONVERSION = YES;
				CLANG_WARN_INFINITE_RECURSION = YES;
				CLANG_WARN_INT_CONVERSION = YES;
				CLANG_WARN_NON_LITERAL_NULL_CONVERSION = YES;
				CLANG_WARN_OBJC_IMPLICIT_RETAIN_SELF = YES;
				CLANG_WARN_OBJC_LITERAL_CONVERSION = YES;
				CLANG_WARN_OBJC_ROOT_CLASS = YES_ERROR;
				CLANG_WARN_RANGE_LOOP_ANALYSIS = YES;
				CLANG_WARN_STRICT_PROTOTYPES = YES;
				CLANG_WARN_SUSPICIOUS_MOVE = YES;
				CLANG_WARN_UNGUARDED_AVAILABILITY = YES_AGGRESSIVE;
				CLANG_WARN_UNREACHABLE_CODE = YES;
				CLANG_WARN__DUPLICATE_METHOD_MATCH = YES;
				COPY_PHASE_STRIP = NO;
				DEBUG_INFORMATION_FORMAT = "dwarf-with-dsym";
				ENABLE_NS_ASSERTIONS = NO;
				ENABLE_STRICT_OBJC_MSGSEND = YES;
				GCC_C_LANGUAGE_STANDARD = gnu11;
				GCC_NO_COMMON_BLOCKS = YES;
				GCC_WARN_64_TO_32_BIT_CONVERSION = YES;
				GCC_WARN_ABOUT_RETURN_TYPE = YES_ERROR;
				GCC_WARN_UNDECLARED_SELECTOR = YES;
				GCC_WARN_UNINITIALIZED_AUTOS = YES_AGGRESSIVE;
				GCC_WARN_UNUSED_FUNCTION = YES;
				GCC_WARN_UNUSED_VARIABLE = YES;
				MACOSX_DEPLOYMENT_TARGET = 10.14;
				MTL_ENABLE_DEBUG_INFO = NO;
				MTL_FAST_MATH = YES;
				SDKROOT = macosx;
				SWIFT_COMPILATION_MODE = wholemodule;
				SWIFT_OPTIMIZATION_LEVEL = "-O";
			};
			name = Release;
		};
		141F879C2355C2EA00F79255 /* Debug */ = {
			isa = XCBuildConfiguration;
			buildSettings = {
				CODE_SIGN_STYLE = Automatic;
				DEVELOPMENT_TEAM = ZB2PMQN3C6;
				ENABLE_HARDENED_RUNTIME = YES;
				PRODUCT_NAME = "$(TARGET_NAME)";
				SWIFT_VERSION = 5.0;
			};
			name = Debug;
		};
		141F879D2355C2EA00F79255 /* Release */ = {
			isa = XCBuildConfiguration;
			buildSettings = {
				CODE_SIGN_STYLE = Automatic;
				DEVELOPMENT_TEAM = ZB2PMQN3C6;
				ENABLE_HARDENED_RUNTIME = YES;
				PRODUCT_NAME = "$(TARGET_NAME)";
				SWIFT_VERSION = 5.0;
			};
			name = Release;
		};
		14B73099235D89120000BEC1 /* Debug */ = {
			isa = XCBuildConfiguration;
			buildSettings = {
				CODE_SIGN_STYLE = Automatic;
				COMBINE_HIDPI_IMAGES = YES;
				DEVELOPMENT_TEAM = ZB2PMQN3C6;
				INFOPLIST_FILE = CCompillerTests/Info.plist;
				LD_RUNPATH_SEARCH_PATHS = (
					"$(inherited)",
					"@executable_path/../Frameworks",
					"@loader_path/../Frameworks",
				);
				PRODUCT_BUNDLE_IDENTIFIER = kirillvarlamov.me.CCompillerTests;
				PRODUCT_NAME = "$(TARGET_NAME)";
				SWIFT_VERSION = 5.0;
			};
			name = Debug;
		};
		14B7309A235D89120000BEC1 /* Release */ = {
			isa = XCBuildConfiguration;
			buildSettings = {
				CODE_SIGN_STYLE = Automatic;
				COMBINE_HIDPI_IMAGES = YES;
				DEVELOPMENT_TEAM = ZB2PMQN3C6;
				INFOPLIST_FILE = CCompillerTests/Info.plist;
				LD_RUNPATH_SEARCH_PATHS = (
					"$(inherited)",
					"@executable_path/../Frameworks",
					"@loader_path/../Frameworks",
				);
				PRODUCT_BUNDLE_IDENTIFIER = kirillvarlamov.me.CCompillerTests;
				PRODUCT_NAME = "$(TARGET_NAME)";
				SWIFT_VERSION = 5.0;
			};
			name = Release;
		};
/* End XCBuildConfiguration section */

/* Begin XCConfigurationList section */
		141F878F2355C2EA00F79255 /* Build configuration list for PBXProject "CCompiller" */ = {
			isa = XCConfigurationList;
			buildConfigurations = (
				141F87992355C2EA00F79255 /* Debug */,
				141F879A2355C2EA00F79255 /* Release */,
			);
			defaultConfigurationIsVisible = 0;
			defaultConfigurationName = Release;
		};
		141F879B2355C2EA00F79255 /* Build configuration list for PBXNativeTarget "CCompiller" */ = {
			isa = XCConfigurationList;
			buildConfigurations = (
				141F879C2355C2EA00F79255 /* Debug */,
				141F879D2355C2EA00F79255 /* Release */,
			);
			defaultConfigurationIsVisible = 0;
			defaultConfigurationName = Release;
		};
		14B7309B235D89120000BEC1 /* Build configuration list for PBXNativeTarget "CCompillerTests" */ = {
			isa = XCConfigurationList;
			buildConfigurations = (
				14B73099235D89120000BEC1 /* Debug */,
				14B7309A235D89120000BEC1 /* Release */,
			);
			defaultConfigurationIsVisible = 0;
			defaultConfigurationName = Release;
		};
/* End XCConfigurationList section */
	};
	rootObject = 141F878C2355C2EA00F79255 /* Project object */;
}
